// !$*UTF8*$!
{
	archiveVersion = 1;
	classes = {
	};
	objectVersion = 46;
	objects = {

/* Begin PBXBuildFile section */
		2565B663733196C6859A5764 /* Pods_StudyBuddy.framework in Frameworks */ = {isa = PBXBuildFile; fileRef = E6E69DFD87DBE4C2538E2F02 /* Pods_StudyBuddy.framework */; };
		A2D81C4E1FA5398B0089B00A /* FriendsViewController.swift in Sources */ = {isa = PBXBuildFile; fileRef = A2D81C4D1FA5398B0089B00A /* FriendsViewController.swift */; };
		A2D81C521FA94B880089B00A /* AddFriendViewController.swift in Sources */ = {isa = PBXBuildFile; fileRef = A2D81C511FA94B880089B00A /* AddFriendViewController.swift */; };
		A2D81C541FA95B920089B00A /* FriendScheduleTableViewController.swift in Sources */ = {isa = PBXBuildFile; fileRef = A2D81C531FA95B920089B00A /* FriendScheduleTableViewController.swift */; };
		ACF495881FA9759300721D52 /* EventViewController.swift in Sources */ = {isa = PBXBuildFile; fileRef = ACF4957F1FA9759200721D52 /* EventViewController.swift */; };
		ACF495891FA9759300721D52 /* Event.swift in Sources */ = {isa = PBXBuildFile; fileRef = ACF495801FA9759200721D52 /* Event.swift */; };
		ACF4958A1FA9759300721D52 /* EventFriendsTableViewController.swift in Sources */ = {isa = PBXBuildFile; fileRef = ACF495811FA9759200721D52 /* EventFriendsTableViewController.swift */; };
		ACF4958B1FA9759300721D52 /* EventsTableViewController.swift in Sources */ = {isa = PBXBuildFile; fileRef = ACF495821FA9759200721D52 /* EventsTableViewController.swift */; };
		ACF4958C1FA9759300721D52 /* InvitedEventTableViewCell.swift in Sources */ = {isa = PBXBuildFile; fileRef = ACF495831FA9759200721D52 /* InvitedEventTableViewCell.swift */; };
		ACF4958D1FA9759300721D52 /* User.swift in Sources */ = {isa = PBXBuildFile; fileRef = ACF495841FA9759200721D52 /* User.swift */; };
		ACF4958E1FA9759300721D52 /* AddEventViewController.swift in Sources */ = {isa = PBXBuildFile; fileRef = ACF495851FA9759300721D52 /* AddEventViewController.swift */; };
		ACF4958F1FA9759300721D52 /* EventDataService.swift in Sources */ = {isa = PBXBuildFile; fileRef = ACF495861FA9759300721D52 /* EventDataService.swift */; };
		ACF495901FA9759300721D52 /* EventTableViewCell.swift in Sources */ = {isa = PBXBuildFile; fileRef = ACF495871FA9759300721D52 /* EventTableViewCell.swift */; };
		AD02C3C2178AF46362603B19 /* Pods_StudyBuddyUITests.framework in Frameworks */ = {isa = PBXBuildFile; fileRef = 3B6AC3D762626AE36BB2BE38 /* Pods_StudyBuddyUITests.framework */; };
		ECD05F7AC007DA2C808DFAC9 /* Pods_StudyBuddyTests.framework in Frameworks */ = {isa = PBXBuildFile; fileRef = 634A54779CDB589BB7433A8B /* Pods_StudyBuddyTests.framework */; };
		FA2CAA631FC3EDD000A2202D /* DMListTableViewController.swift in Sources */ = {isa = PBXBuildFile; fileRef = FA2CAA621FC3EDD000A2202D /* DMListTableViewController.swift */; };
		FA2CAA651FC3EDF400A2202D /* DMViewController.swift in Sources */ = {isa = PBXBuildFile; fileRef = FA2CAA641FC3EDF400A2202D /* DMViewController.swift */; };
		FA3381E91FA5232900D38264 /* AppDelegate.swift in Sources */ = {isa = PBXBuildFile; fileRef = FA3381E81FA5232900D38264 /* AppDelegate.swift */; };
		FA3381EE1FA5232900D38264 /* Main.storyboard in Resources */ = {isa = PBXBuildFile; fileRef = FA3381EC1FA5232900D38264 /* Main.storyboard */; };
		FA3381F11FA5232900D38264 /* StudyBuddy.xcdatamodeld in Sources */ = {isa = PBXBuildFile; fileRef = FA3381EF1FA5232900D38264 /* StudyBuddy.xcdatamodeld */; };
		FA3381F31FA5232900D38264 /* Assets.xcassets in Resources */ = {isa = PBXBuildFile; fileRef = FA3381F21FA5232900D38264 /* Assets.xcassets */; };
		FA3381F61FA5232900D38264 /* LaunchScreen.storyboard in Resources */ = {isa = PBXBuildFile; fileRef = FA3381F41FA5232900D38264 /* LaunchScreen.storyboard */; };
		FA3382011FA5232900D38264 /* StudyBuddyTests.swift in Sources */ = {isa = PBXBuildFile; fileRef = FA3382001FA5232900D38264 /* StudyBuddyTests.swift */; };
		FA33820C1FA5232900D38264 /* StudyBuddyUITests.swift in Sources */ = {isa = PBXBuildFile; fileRef = FA33820B1FA5232900D38264 /* StudyBuddyUITests.swift */; };
		FA33821A1FA528B800D38264 /* LoginViewController.swift in Sources */ = {isa = PBXBuildFile; fileRef = FA3382191FA528B800D38264 /* LoginViewController.swift */; };
		FA33821C1FA52C3800D38264 /* RegisterViewController.swift in Sources */ = {isa = PBXBuildFile; fileRef = FA33821B1FA52C3800D38264 /* RegisterViewController.swift */; };
		FA3382221FA6F1B700D38264 /* GoogleService-Info.plist in Resources */ = {isa = PBXBuildFile; fileRef = FA3382211FA6F1B700D38264 /* GoogleService-Info.plist */; };
		FAB837891FA90F7B003BA681 /* AddClassViewController.swift in Sources */ = {isa = PBXBuildFile; fileRef = FAB837881FA90F7B003BA681 /* AddClassViewController.swift */; };
		FAB8378B1FA90F97003BA681 /* MyScheduleViewController.swift in Sources */ = {isa = PBXBuildFile; fileRef = FAB8378A1FA90F97003BA681 /* MyScheduleViewController.swift */; };
		FAB8378F1FA92ECF003BA681 /* SettingsViewController.swift in Sources */ = {isa = PBXBuildFile; fileRef = FAB8378E1FA92ECF003BA681 /* SettingsViewController.swift */; };
		FAB837911FA92F68003BA681 /* BlacklistViewController.swift in Sources */ = {isa = PBXBuildFile; fileRef = FAB837901FA92F68003BA681 /* BlacklistViewController.swift */; };
/* End PBXBuildFile section */

/* Begin PBXContainerItemProxy section */
		FA3381FD1FA5232900D38264 /* PBXContainerItemProxy */ = {
			isa = PBXContainerItemProxy;
			containerPortal = FA3381DD1FA5232900D38264 /* Project object */;
			proxyType = 1;
			remoteGlobalIDString = FA3381E41FA5232900D38264;
			remoteInfo = StudyBuddy;
		};
		FA3382081FA5232900D38264 /* PBXContainerItemProxy */ = {
			isa = PBXContainerItemProxy;
			containerPortal = FA3381DD1FA5232900D38264 /* Project object */;
			proxyType = 1;
			remoteGlobalIDString = FA3381E41FA5232900D38264;
			remoteInfo = StudyBuddy;
		};
/* End PBXContainerItemProxy section */

/* Begin PBXFileReference section */
		16E432C2B3BBC9130D5F9FF4 /* Pods-StudyBuddyUITests.debug.xcconfig */ = {isa = PBXFileReference; includeInIndex = 1; lastKnownFileType = text.xcconfig; name = "Pods-StudyBuddyUITests.debug.xcconfig"; path = "Pods/Target Support Files/Pods-StudyBuddyUITests/Pods-StudyBuddyUITests.debug.xcconfig"; sourceTree = "<group>"; };
		3B6AC3D762626AE36BB2BE38 /* Pods_StudyBuddyUITests.framework */ = {isa = PBXFileReference; explicitFileType = wrapper.framework; includeInIndex = 0; path = Pods_StudyBuddyUITests.framework; sourceTree = BUILT_PRODUCTS_DIR; };
		5337F8F8DA59B0EAF983E7DC /* Pods-StudyBuddy.release.xcconfig */ = {isa = PBXFileReference; includeInIndex = 1; lastKnownFileType = text.xcconfig; name = "Pods-StudyBuddy.release.xcconfig"; path = "Pods/Target Support Files/Pods-StudyBuddy/Pods-StudyBuddy.release.xcconfig"; sourceTree = "<group>"; };
		634A54779CDB589BB7433A8B /* Pods_StudyBuddyTests.framework */ = {isa = PBXFileReference; explicitFileType = wrapper.framework; includeInIndex = 0; path = Pods_StudyBuddyTests.framework; sourceTree = BUILT_PRODUCTS_DIR; };
		7DD5C7F8FD2DCF509E919848 /* Pods-StudyBuddy.debug.xcconfig */ = {isa = PBXFileReference; includeInIndex = 1; lastKnownFileType = text.xcconfig; name = "Pods-StudyBuddy.debug.xcconfig"; path = "Pods/Target Support Files/Pods-StudyBuddy/Pods-StudyBuddy.debug.xcconfig"; sourceTree = "<group>"; };
		7F1057D10F7C12AF80931FEB /* Pods-StudyBuddyUITests.release.xcconfig */ = {isa = PBXFileReference; includeInIndex = 1; lastKnownFileType = text.xcconfig; name = "Pods-StudyBuddyUITests.release.xcconfig"; path = "Pods/Target Support Files/Pods-StudyBuddyUITests/Pods-StudyBuddyUITests.release.xcconfig"; sourceTree = "<group>"; };
		A01CA2478CBAD34F43B72384 /* Pods-StudyBuddyTests.release.xcconfig */ = {isa = PBXFileReference; includeInIndex = 1; lastKnownFileType = text.xcconfig; name = "Pods-StudyBuddyTests.release.xcconfig"; path = "Pods/Target Support Files/Pods-StudyBuddyTests/Pods-StudyBuddyTests.release.xcconfig"; sourceTree = "<group>"; };
		A2D81C4D1FA5398B0089B00A /* FriendsViewController.swift */ = {isa = PBXFileReference; fileEncoding = 4; lastKnownFileType = sourcecode.swift; path = FriendsViewController.swift; sourceTree = "<group>"; };
		A2D81C511FA94B880089B00A /* AddFriendViewController.swift */ = {isa = PBXFileReference; fileEncoding = 4; lastKnownFileType = sourcecode.swift; path = AddFriendViewController.swift; sourceTree = "<group>"; };
		A2D81C531FA95B920089B00A /* FriendScheduleTableViewController.swift */ = {isa = PBXFileReference; fileEncoding = 4; lastKnownFileType = sourcecode.swift; path = FriendScheduleTableViewController.swift; sourceTree = "<group>"; };
		ACF4957F1FA9759200721D52 /* EventViewController.swift */ = {isa = PBXFileReference; fileEncoding = 4; lastKnownFileType = sourcecode.swift; path = EventViewController.swift; sourceTree = "<group>"; };
		ACF495801FA9759200721D52 /* Event.swift */ = {isa = PBXFileReference; fileEncoding = 4; lastKnownFileType = sourcecode.swift; path = Event.swift; sourceTree = "<group>"; };
		ACF495811FA9759200721D52 /* EventFriendsTableViewController.swift */ = {isa = PBXFileReference; fileEncoding = 4; lastKnownFileType = sourcecode.swift; path = EventFriendsTableViewController.swift; sourceTree = "<group>"; };
		ACF495821FA9759200721D52 /* EventsTableViewController.swift */ = {isa = PBXFileReference; fileEncoding = 4; lastKnownFileType = sourcecode.swift; path = EventsTableViewController.swift; sourceTree = "<group>"; };
		ACF495831FA9759200721D52 /* InvitedEventTableViewCell.swift */ = {isa = PBXFileReference; fileEncoding = 4; lastKnownFileType = sourcecode.swift; path = InvitedEventTableViewCell.swift; sourceTree = "<group>"; };
		ACF495841FA9759200721D52 /* User.swift */ = {isa = PBXFileReference; fileEncoding = 4; lastKnownFileType = sourcecode.swift; path = User.swift; sourceTree = "<group>"; };
		ACF495851FA9759300721D52 /* AddEventViewController.swift */ = {isa = PBXFileReference; fileEncoding = 4; lastKnownFileType = sourcecode.swift; path = AddEventViewController.swift; sourceTree = "<group>"; };
		ACF495861FA9759300721D52 /* EventDataService.swift */ = {isa = PBXFileReference; fileEncoding = 4; lastKnownFileType = sourcecode.swift; path = EventDataService.swift; sourceTree = "<group>"; };
		ACF495871FA9759300721D52 /* EventTableViewCell.swift */ = {isa = PBXFileReference; fileEncoding = 4; lastKnownFileType = sourcecode.swift; path = EventTableViewCell.swift; sourceTree = "<group>"; };
		CA7708BEC0F1C787D45DB537 /* Pods-StudyBuddyTests.debug.xcconfig */ = {isa = PBXFileReference; includeInIndex = 1; lastKnownFileType = text.xcconfig; name = "Pods-StudyBuddyTests.debug.xcconfig"; path = "Pods/Target Support Files/Pods-StudyBuddyTests/Pods-StudyBuddyTests.debug.xcconfig"; sourceTree = "<group>"; };
		E6E69DFD87DBE4C2538E2F02 /* Pods_StudyBuddy.framework */ = {isa = PBXFileReference; explicitFileType = wrapper.framework; includeInIndex = 0; path = Pods_StudyBuddy.framework; sourceTree = BUILT_PRODUCTS_DIR; };
		FA2CAA621FC3EDD000A2202D /* DMListTableViewController.swift */ = {isa = PBXFileReference; fileEncoding = 4; lastKnownFileType = sourcecode.swift; path = DMListTableViewController.swift; sourceTree = "<group>"; };
		FA2CAA641FC3EDF400A2202D /* DMViewController.swift */ = {isa = PBXFileReference; fileEncoding = 4; lastKnownFileType = sourcecode.swift; path = DMViewController.swift; sourceTree = "<group>"; };
		FA3381E51FA5232900D38264 /* StudyBuddy.app */ = {isa = PBXFileReference; explicitFileType = wrapper.application; includeInIndex = 0; path = StudyBuddy.app; sourceTree = BUILT_PRODUCTS_DIR; };
		FA3381E81FA5232900D38264 /* AppDelegate.swift */ = {isa = PBXFileReference; lastKnownFileType = sourcecode.swift; path = AppDelegate.swift; sourceTree = "<group>"; };
		FA3381ED1FA5232900D38264 /* Base */ = {isa = PBXFileReference; lastKnownFileType = file.storyboard; name = Base; path = Base.lproj/Main.storyboard; sourceTree = "<group>"; };
		FA3381F01FA5232900D38264 /* StudyBuddy.xcdatamodel */ = {isa = PBXFileReference; lastKnownFileType = wrapper.xcdatamodel; path = StudyBuddy.xcdatamodel; sourceTree = "<group>"; };
		FA3381F21FA5232900D38264 /* Assets.xcassets */ = {isa = PBXFileReference; lastKnownFileType = folder.assetcatalog; path = Assets.xcassets; sourceTree = "<group>"; };
		FA3381F51FA5232900D38264 /* Base */ = {isa = PBXFileReference; lastKnownFileType = file.storyboard; name = Base; path = Base.lproj/LaunchScreen.storyboard; sourceTree = "<group>"; };
		FA3381F71FA5232900D38264 /* Info.plist */ = {isa = PBXFileReference; lastKnownFileType = text.plist.xml; path = Info.plist; sourceTree = "<group>"; };
		FA3381FC1FA5232900D38264 /* StudyBuddyTests.xctest */ = {isa = PBXFileReference; explicitFileType = wrapper.cfbundle; includeInIndex = 0; path = StudyBuddyTests.xctest; sourceTree = BUILT_PRODUCTS_DIR; };
		FA3382001FA5232900D38264 /* StudyBuddyTests.swift */ = {isa = PBXFileReference; lastKnownFileType = sourcecode.swift; path = StudyBuddyTests.swift; sourceTree = "<group>"; };
		FA3382021FA5232900D38264 /* Info.plist */ = {isa = PBXFileReference; lastKnownFileType = text.plist.xml; path = Info.plist; sourceTree = "<group>"; };
		FA3382071FA5232900D38264 /* StudyBuddyUITests.xctest */ = {isa = PBXFileReference; explicitFileType = wrapper.cfbundle; includeInIndex = 0; path = StudyBuddyUITests.xctest; sourceTree = BUILT_PRODUCTS_DIR; };
		FA33820B1FA5232900D38264 /* StudyBuddyUITests.swift */ = {isa = PBXFileReference; lastKnownFileType = sourcecode.swift; path = StudyBuddyUITests.swift; sourceTree = "<group>"; };
		FA33820D1FA5232900D38264 /* Info.plist */ = {isa = PBXFileReference; lastKnownFileType = text.plist.xml; path = Info.plist; sourceTree = "<group>"; };
		FA3382191FA528B800D38264 /* LoginViewController.swift */ = {isa = PBXFileReference; fileEncoding = 4; lastKnownFileType = sourcecode.swift; name = LoginViewController.swift; path = ../LoginViewController.swift; sourceTree = "<group>"; };
		FA33821B1FA52C3800D38264 /* RegisterViewController.swift */ = {isa = PBXFileReference; fileEncoding = 4; lastKnownFileType = sourcecode.swift; path = RegisterViewController.swift; sourceTree = "<group>"; };
		FA3382211FA6F1B700D38264 /* GoogleService-Info.plist */ = {isa = PBXFileReference; fileEncoding = 4; lastKnownFileType = text.plist.xml; path = "GoogleService-Info.plist"; sourceTree = "<group>"; };
		FAB837881FA90F7B003BA681 /* AddClassViewController.swift */ = {isa = PBXFileReference; fileEncoding = 4; lastKnownFileType = sourcecode.swift; path = AddClassViewController.swift; sourceTree = "<group>"; };
		FAB8378A1FA90F97003BA681 /* MyScheduleViewController.swift */ = {isa = PBXFileReference; fileEncoding = 4; lastKnownFileType = sourcecode.swift; path = MyScheduleViewController.swift; sourceTree = "<group>"; };
		FAB8378E1FA92ECF003BA681 /* SettingsViewController.swift */ = {isa = PBXFileReference; fileEncoding = 4; lastKnownFileType = sourcecode.swift; path = SettingsViewController.swift; sourceTree = "<group>"; };
		FAB837901FA92F68003BA681 /* BlacklistViewController.swift */ = {isa = PBXFileReference; fileEncoding = 4; lastKnownFileType = sourcecode.swift; path = BlacklistViewController.swift; sourceTree = "<group>"; };
/* End PBXFileReference section */

/* Begin PBXFrameworksBuildPhase section */
		FA3381E21FA5232900D38264 /* Frameworks */ = {
			isa = PBXFrameworksBuildPhase;
			buildActionMask = 2147483647;
			files = (
				2565B663733196C6859A5764 /* Pods_StudyBuddy.framework in Frameworks */,
			);
			runOnlyForDeploymentPostprocessing = 0;
		};
		FA3381F91FA5232900D38264 /* Frameworks */ = {
			isa = PBXFrameworksBuildPhase;
			buildActionMask = 2147483647;
			files = (
				ECD05F7AC007DA2C808DFAC9 /* Pods_StudyBuddyTests.framework in Frameworks */,
			);
			runOnlyForDeploymentPostprocessing = 0;
		};
		FA3382041FA5232900D38264 /* Frameworks */ = {
			isa = PBXFrameworksBuildPhase;
			buildActionMask = 2147483647;
			files = (
				AD02C3C2178AF46362603B19 /* Pods_StudyBuddyUITests.framework in Frameworks */,
			);
			runOnlyForDeploymentPostprocessing = 0;
		};
/* End PBXFrameworksBuildPhase section */

/* Begin PBXGroup section */
		1F04ACE06228BFB561265DFE /* Frameworks */ = {
			isa = PBXGroup;
			children = (
				E6E69DFD87DBE4C2538E2F02 /* Pods_StudyBuddy.framework */,
				634A54779CDB589BB7433A8B /* Pods_StudyBuddyTests.framework */,
				3B6AC3D762626AE36BB2BE38 /* Pods_StudyBuddyUITests.framework */,
			);
			name = Frameworks;
			sourceTree = "<group>";
		};
		268A14DF72D2102D8B4FFF08 /* Pods */ = {
			isa = PBXGroup;
			children = (
				7DD5C7F8FD2DCF509E919848 /* Pods-StudyBuddy.debug.xcconfig */,
				5337F8F8DA59B0EAF983E7DC /* Pods-StudyBuddy.release.xcconfig */,
				CA7708BEC0F1C787D45DB537 /* Pods-StudyBuddyTests.debug.xcconfig */,
				A01CA2478CBAD34F43B72384 /* Pods-StudyBuddyTests.release.xcconfig */,
				16E432C2B3BBC9130D5F9FF4 /* Pods-StudyBuddyUITests.debug.xcconfig */,
				7F1057D10F7C12AF80931FEB /* Pods-StudyBuddyUITests.release.xcconfig */,
			);
			name = Pods;
			sourceTree = "<group>";
		};
		FA3381DC1FA5232900D38264 = {
			isa = PBXGroup;
			children = (
				FA3381E71FA5232900D38264 /* StudyBuddy */,
				FA3381FF1FA5232900D38264 /* StudyBuddyTests */,
				FA33820A1FA5232900D38264 /* StudyBuddyUITests */,
				FA3381E61FA5232900D38264 /* Products */,
				268A14DF72D2102D8B4FFF08 /* Pods */,
				1F04ACE06228BFB561265DFE /* Frameworks */,
			);
			sourceTree = "<group>";
		};
		FA3381E61FA5232900D38264 /* Products */ = {
			isa = PBXGroup;
			children = (
				FA3381E51FA5232900D38264 /* StudyBuddy.app */,
				FA3381FC1FA5232900D38264 /* StudyBuddyTests.xctest */,
				FA3382071FA5232900D38264 /* StudyBuddyUITests.xctest */,
			);
			name = Products;
			sourceTree = "<group>";
		};
		FA3381E71FA5232900D38264 /* StudyBuddy */ = {
			isa = PBXGroup;
			children = (
				FA3381EC1FA5232900D38264 /* Main.storyboard */,
				ACF495851FA9759300721D52 /* AddEventViewController.swift */,
				ACF495801FA9759200721D52 /* Event.swift */,
				ACF495861FA9759300721D52 /* EventDataService.swift */,
				ACF495811FA9759200721D52 /* EventFriendsTableViewController.swift */,
				ACF495821FA9759200721D52 /* EventsTableViewController.swift */,
				ACF495871FA9759300721D52 /* EventTableViewCell.swift */,
				ACF4957F1FA9759200721D52 /* EventViewController.swift */,
				ACF495831FA9759200721D52 /* InvitedEventTableViewCell.swift */,
				ACF495841FA9759200721D52 /* User.swift */,
				FA3382211FA6F1B700D38264 /* GoogleService-Info.plist */,
				FA3381E81FA5232900D38264 /* AppDelegate.swift */,
				FA3382191FA528B800D38264 /* LoginViewController.swift */,
				FA33821B1FA52C3800D38264 /* RegisterViewController.swift */,
				A2D81C531FA95B920089B00A /* FriendScheduleTableViewController.swift */,
				FA2CAA621FC3EDD000A2202D /* DMListTableViewController.swift */,
				FA2CAA641FC3EDF400A2202D /* DMViewController.swift */,
				FAB837901FA92F68003BA681 /* BlacklistViewController.swift */,
				A2D81C4D1FA5398B0089B00A /* FriendsViewController.swift */,
				A2D81C511FA94B880089B00A /* AddFriendViewController.swift */,
				FAB8378E1FA92ECF003BA681 /* SettingsViewController.swift */,
				FAB837881FA90F7B003BA681 /* AddClassViewController.swift */,
				FAB8378A1FA90F97003BA681 /* MyScheduleViewController.swift */,
				FA3381F21FA5232900D38264 /* Assets.xcassets */,
				FA3381F41FA5232900D38264 /* LaunchScreen.storyboard */,
				FA3381F71FA5232900D38264 /* Info.plist */,
				FA3381EF1FA5232900D38264 /* StudyBuddy.xcdatamodeld */,
			);
			path = StudyBuddy;
			sourceTree = "<group>";
		};
		FA3381FF1FA5232900D38264 /* StudyBuddyTests */ = {
			isa = PBXGroup;
			children = (
				FA3382001FA5232900D38264 /* StudyBuddyTests.swift */,
				FA3382021FA5232900D38264 /* Info.plist */,
			);
			path = StudyBuddyTests;
			sourceTree = "<group>";
		};
		FA33820A1FA5232900D38264 /* StudyBuddyUITests */ = {
			isa = PBXGroup;
			children = (
				FA33820B1FA5232900D38264 /* StudyBuddyUITests.swift */,
				FA33820D1FA5232900D38264 /* Info.plist */,
			);
			path = StudyBuddyUITests;
			sourceTree = "<group>";
		};
/* End PBXGroup section */

/* Begin PBXNativeTarget section */
		FA3381E41FA5232900D38264 /* StudyBuddy */ = {
			isa = PBXNativeTarget;
			buildConfigurationList = FA3382101FA5232900D38264 /* Build configuration list for PBXNativeTarget "StudyBuddy" */;
			buildPhases = (
				1AF277B448265D2B809D48CA /* [CP] Check Pods Manifest.lock */,
				FA3381E11FA5232900D38264 /* Sources */,
				FA3381E21FA5232900D38264 /* Frameworks */,
				FA3381E31FA5232900D38264 /* Resources */,
				85F7FAE4230A3245075F109F /* [CP] Embed Pods Frameworks */,
				86F651593A812DDB53A61007 /* [CP] Copy Pods Resources */,
			);
			buildRules = (
			);
			dependencies = (
			);
			name = StudyBuddy;
			productName = StudyBuddy;
			productReference = FA3381E51FA5232900D38264 /* StudyBuddy.app */;
			productType = "com.apple.product-type.application";
		};
		FA3381FB1FA5232900D38264 /* StudyBuddyTests */ = {
			isa = PBXNativeTarget;
			buildConfigurationList = FA3382131FA5232900D38264 /* Build configuration list for PBXNativeTarget "StudyBuddyTests" */;
			buildPhases = (
				0FDEA1379412DB14E4841E86 /* [CP] Check Pods Manifest.lock */,
				FA3381F81FA5232900D38264 /* Sources */,
				FA3381F91FA5232900D38264 /* Frameworks */,
				FA3381FA1FA5232900D38264 /* Resources */,
				7665AF9D48C497FB76F94E25 /* [CP] Embed Pods Frameworks */,
				5C611A448AB0FE88944D28CD /* [CP] Copy Pods Resources */,
			);
			buildRules = (
			);
			dependencies = (
				FA3381FE1FA5232900D38264 /* PBXTargetDependency */,
			);
			name = StudyBuddyTests;
			productName = StudyBuddyTests;
			productReference = FA3381FC1FA5232900D38264 /* StudyBuddyTests.xctest */;
			productType = "com.apple.product-type.bundle.unit-test";
		};
		FA3382061FA5232900D38264 /* StudyBuddyUITests */ = {
			isa = PBXNativeTarget;
			buildConfigurationList = FA3382161FA5232900D38264 /* Build configuration list for PBXNativeTarget "StudyBuddyUITests" */;
			buildPhases = (
				5D7629643094D94ED9C5BC93 /* [CP] Check Pods Manifest.lock */,
				FA3382031FA5232900D38264 /* Sources */,
				FA3382041FA5232900D38264 /* Frameworks */,
				FA3382051FA5232900D38264 /* Resources */,
				EC63B9B471860562CBE428B1 /* [CP] Embed Pods Frameworks */,
				16F290C3DAAE68D71CC2600F /* [CP] Copy Pods Resources */,
			);
			buildRules = (
			);
			dependencies = (
				FA3382091FA5232900D38264 /* PBXTargetDependency */,
			);
			name = StudyBuddyUITests;
			productName = StudyBuddyUITests;
			productReference = FA3382071FA5232900D38264 /* StudyBuddyUITests.xctest */;
			productType = "com.apple.product-type.bundle.ui-testing";
		};
/* End PBXNativeTarget section */

/* Begin PBXProject section */
		FA3381DD1FA5232900D38264 /* Project object */ = {
			isa = PBXProject;
			attributes = {
				LastSwiftUpdateCheck = 0820;
				LastUpgradeCheck = 0820;
				ORGANIZATIONNAME = "Alexander You";
				TargetAttributes = {
					FA3381E41FA5232900D38264 = {
						CreatedOnToolsVersion = 8.2.1;
						ProvisioningStyle = Automatic;
					};
					FA3381FB1FA5232900D38264 = {
						CreatedOnToolsVersion = 8.2.1;
						ProvisioningStyle = Automatic;
						TestTargetID = FA3381E41FA5232900D38264;
					};
					FA3382061FA5232900D38264 = {
						CreatedOnToolsVersion = 8.2.1;
						ProvisioningStyle = Automatic;
						TestTargetID = FA3381E41FA5232900D38264;
					};
				};
			};
			buildConfigurationList = FA3381E01FA5232900D38264 /* Build configuration list for PBXProject "StudyBuddy" */;
			compatibilityVersion = "Xcode 3.2";
			developmentRegion = English;
			hasScannedForEncodings = 0;
			knownRegions = (
				en,
				Base,
			);
			mainGroup = FA3381DC1FA5232900D38264;
			productRefGroup = FA3381E61FA5232900D38264 /* Products */;
			projectDirPath = "";
			projectRoot = "";
			targets = (
				FA3381E41FA5232900D38264 /* StudyBuddy */,
				FA3381FB1FA5232900D38264 /* StudyBuddyTests */,
				FA3382061FA5232900D38264 /* StudyBuddyUITests */,
			);
		};
/* End PBXProject section */

/* Begin PBXResourcesBuildPhase section */
		FA3381E31FA5232900D38264 /* Resources */ = {
			isa = PBXResourcesBuildPhase;
			buildActionMask = 2147483647;
			files = (
				FA3381F61FA5232900D38264 /* LaunchScreen.storyboard in Resources */,
				FA3382221FA6F1B700D38264 /* GoogleService-Info.plist in Resources */,
				FA3381F31FA5232900D38264 /* Assets.xcassets in Resources */,
				FA3381EE1FA5232900D38264 /* Main.storyboard in Resources */,
			);
			runOnlyForDeploymentPostprocessing = 0;
		};
		FA3381FA1FA5232900D38264 /* Resources */ = {
			isa = PBXResourcesBuildPhase;
			buildActionMask = 2147483647;
			files = (
			);
			runOnlyForDeploymentPostprocessing = 0;
		};
		FA3382051FA5232900D38264 /* Resources */ = {
			isa = PBXResourcesBuildPhase;
			buildActionMask = 2147483647;
			files = (
			);
			runOnlyForDeploymentPostprocessing = 0;
		};
/* End PBXResourcesBuildPhase section */

/* Begin PBXShellScriptBuildPhase section */
		0FDEA1379412DB14E4841E86 /* [CP] Check Pods Manifest.lock */ = {
			isa = PBXShellScriptBuildPhase;
			buildActionMask = 2147483647;
			files = (
			);
			inputPaths = (
				"${PODS_PODFILE_DIR_PATH}/Podfile.lock",
				"${PODS_ROOT}/Manifest.lock",
			);
			name = "[CP] Check Pods Manifest.lock";
			outputPaths = (
				"$(DERIVED_FILE_DIR)/Pods-StudyBuddyTests-checkManifestLockResult.txt",
			);
			runOnlyForDeploymentPostprocessing = 0;
			shellPath = /bin/sh;
			shellScript = "diff \"${PODS_PODFILE_DIR_PATH}/Podfile.lock\" \"${PODS_ROOT}/Manifest.lock\" > /dev/null\nif [ $? != 0 ] ; then\n    # print error to STDERR\n    echo \"error: The sandbox is not in sync with the Podfile.lock. Run 'pod install' or update your CocoaPods installation.\" >&2\n    exit 1\nfi\n# This output is used by Xcode 'outputs' to avoid re-running this script phase.\necho \"SUCCESS\" > \"${SCRIPT_OUTPUT_FILE_0}\"\n";
			showEnvVarsInLog = 0;
		};
		16F290C3DAAE68D71CC2600F /* [CP] Copy Pods Resources */ = {
			isa = PBXShellScriptBuildPhase;
			buildActionMask = 2147483647;
			files = (
			);
			inputPaths = (
			);
			name = "[CP] Copy Pods Resources";
			outputPaths = (
			);
			runOnlyForDeploymentPostprocessing = 0;
			shellPath = /bin/sh;
			shellScript = "\"${SRCROOT}/Pods/Target Support Files/Pods-StudyBuddyUITests/Pods-StudyBuddyUITests-resources.sh\"\n";
			showEnvVarsInLog = 0;
		};
		1AF277B448265D2B809D48CA /* [CP] Check Pods Manifest.lock */ = {
			isa = PBXShellScriptBuildPhase;
			buildActionMask = 2147483647;
			files = (
			);
			inputPaths = (
				"${PODS_PODFILE_DIR_PATH}/Podfile.lock",
				"${PODS_ROOT}/Manifest.lock",
			);
			name = "[CP] Check Pods Manifest.lock";
			outputPaths = (
				"$(DERIVED_FILE_DIR)/Pods-StudyBuddy-checkManifestLockResult.txt",
			);
			runOnlyForDeploymentPostprocessing = 0;
			shellPath = /bin/sh;
			shellScript = "diff \"${PODS_PODFILE_DIR_PATH}/Podfile.lock\" \"${PODS_ROOT}/Manifest.lock\" > /dev/null\nif [ $? != 0 ] ; then\n    # print error to STDERR\n    echo \"error: The sandbox is not in sync with the Podfile.lock. Run 'pod install' or update your CocoaPods installation.\" >&2\n    exit 1\nfi\n# This output is used by Xcode 'outputs' to avoid re-running this script phase.\necho \"SUCCESS\" > \"${SCRIPT_OUTPUT_FILE_0}\"\n";
			showEnvVarsInLog = 0;
		};
		5C611A448AB0FE88944D28CD /* [CP] Copy Pods Resources */ = {
			isa = PBXShellScriptBuildPhase;
			buildActionMask = 2147483647;
			files = (
			);
			inputPaths = (
			);
			name = "[CP] Copy Pods Resources";
			outputPaths = (
			);
			runOnlyForDeploymentPostprocessing = 0;
			shellPath = /bin/sh;
			shellScript = "\"${SRCROOT}/Pods/Target Support Files/Pods-StudyBuddyTests/Pods-StudyBuddyTests-resources.sh\"\n";
			showEnvVarsInLog = 0;
		};
		5D7629643094D94ED9C5BC93 /* [CP] Check Pods Manifest.lock */ = {
			isa = PBXShellScriptBuildPhase;
			buildActionMask = 2147483647;
			files = (
			);
			inputPaths = (
				"${PODS_PODFILE_DIR_PATH}/Podfile.lock",
				"${PODS_ROOT}/Manifest.lock",
			);
			name = "[CP] Check Pods Manifest.lock";
			outputPaths = (
				"$(DERIVED_FILE_DIR)/Pods-StudyBuddyUITests-checkManifestLockResult.txt",
			);
			runOnlyForDeploymentPostprocessing = 0;
			shellPath = /bin/sh;
			shellScript = "diff \"${PODS_PODFILE_DIR_PATH}/Podfile.lock\" \"${PODS_ROOT}/Manifest.lock\" > /dev/null\nif [ $? != 0 ] ; then\n    # print error to STDERR\n    echo \"error: The sandbox is not in sync with the Podfile.lock. Run 'pod install' or update your CocoaPods installation.\" >&2\n    exit 1\nfi\n# This output is used by Xcode 'outputs' to avoid re-running this script phase.\necho \"SUCCESS\" > \"${SCRIPT_OUTPUT_FILE_0}\"\n";
			showEnvVarsInLog = 0;
		};
		7665AF9D48C497FB76F94E25 /* [CP] Embed Pods Frameworks */ = {
			isa = PBXShellScriptBuildPhase;
			buildActionMask = 2147483647;
			files = (
			);
			inputPaths = (
			);
			name = "[CP] Embed Pods Frameworks";
			outputPaths = (
			);
			runOnlyForDeploymentPostprocessing = 0;
			shellPath = /bin/sh;
			shellScript = "\"${SRCROOT}/Pods/Target Support Files/Pods-StudyBuddyTests/Pods-StudyBuddyTests-frameworks.sh\"\n";
			showEnvVarsInLog = 0;
		};
		85F7FAE4230A3245075F109F /* [CP] Embed Pods Frameworks */ = {
			isa = PBXShellScriptBuildPhase;
			buildActionMask = 2147483647;
			files = (
			);
			inputPaths = (
				"${SRCROOT}/Pods/Target Support Files/Pods-StudyBuddy/Pods-StudyBuddy-frameworks.sh",
				"${BUILT_PRODUCTS_DIR}/GTMSessionFetcher/GTMSessionFetcher.framework",
				"${BUILT_PRODUCTS_DIR}/GoogleToolboxForMac/GoogleToolboxForMac.framework",
				"${BUILT_PRODUCTS_DIR}/leveldb-library/leveldb.framework",
				"${BUILT_PRODUCTS_DIR}/nanopb/nanopb.framework",
			);
			name = "[CP] Embed Pods Frameworks";
			outputPaths = (
				"${TARGET_BUILD_DIR}/${FRAMEWORKS_FOLDER_PATH}/GTMSessionFetcher.framework",
				"${TARGET_BUILD_DIR}/${FRAMEWORKS_FOLDER_PATH}/GoogleToolboxForMac.framework",
				"${TARGET_BUILD_DIR}/${FRAMEWORKS_FOLDER_PATH}/leveldb.framework",
				"${TARGET_BUILD_DIR}/${FRAMEWORKS_FOLDER_PATH}/nanopb.framework",
			);
			runOnlyForDeploymentPostprocessing = 0;
			shellPath = /bin/sh;
			shellScript = "\"${SRCROOT}/Pods/Target Support Files/Pods-StudyBuddy/Pods-StudyBuddy-frameworks.sh\"\n";
			showEnvVarsInLog = 0;
		};
		86F651593A812DDB53A61007 /* [CP] Copy Pods Resources */ = {
			isa = PBXShellScriptBuildPhase;
			buildActionMask = 2147483647;
			files = (
			);
			inputPaths = (
			);
			name = "[CP] Copy Pods Resources";
			outputPaths = (
			);
			runOnlyForDeploymentPostprocessing = 0;
			shellPath = /bin/sh;
			shellScript = "\"${SRCROOT}/Pods/Target Support Files/Pods-StudyBuddy/Pods-StudyBuddy-resources.sh\"\n";
			showEnvVarsInLog = 0;
		};
		EC63B9B471860562CBE428B1 /* [CP] Embed Pods Frameworks */ = {
			isa = PBXShellScriptBuildPhase;
			buildActionMask = 2147483647;
			files = (
			);
			inputPaths = (
			);
			name = "[CP] Embed Pods Frameworks";
			outputPaths = (
			);
			runOnlyForDeploymentPostprocessing = 0;
			shellPath = /bin/sh;
			shellScript = "\"${SRCROOT}/Pods/Target Support Files/Pods-StudyBuddyUITests/Pods-StudyBuddyUITests-frameworks.sh\"\n";
			showEnvVarsInLog = 0;
		};
/* End PBXShellScriptBuildPhase section */

/* Begin PBXSourcesBuildPhase section */
		FA3381E11FA5232900D38264 /* Sources */ = {
			isa = PBXSourcesBuildPhase;
			buildActionMask = 2147483647;
			files = (
				FA33821A1FA528B800D38264 /* LoginViewController.swift in Sources */,
				A2D81C541FA95B920089B00A /* FriendScheduleTableViewController.swift in Sources */,
				ACF4958C1FA9759300721D52 /* InvitedEventTableViewCell.swift in Sources */,
				FAB837891FA90F7B003BA681 /* AddClassViewController.swift in Sources */,
				A2D81C521FA94B880089B00A /* AddFriendViewController.swift in Sources */,
				A2D81C4E1FA5398B0089B00A /* FriendsViewController.swift in Sources */,
				ACF495881FA9759300721D52 /* EventViewController.swift in Sources */,
				ACF4958E1FA9759300721D52 /* AddEventViewController.swift in Sources */,
				ACF495901FA9759300721D52 /* EventTableViewCell.swift in Sources */,
				ACF4958D1FA9759300721D52 /* User.swift in Sources */,
				ACF4958A1FA9759300721D52 /* EventFriendsTableViewController.swift in Sources */,
				FAB837911FA92F68003BA681 /* BlacklistViewController.swift in Sources */,
				ACF4958F1FA9759300721D52 /* EventDataService.swift in Sources */,
				ACF4958B1FA9759300721D52 /* EventsTableViewController.swift in Sources */,
				FA3381E91FA5232900D38264 /* AppDelegate.swift in Sources */,
				FA2CAA651FC3EDF400A2202D /* DMViewController.swift in Sources */,
				FAB8378B1FA90F97003BA681 /* MyScheduleViewController.swift in Sources */,
				FA3381F11FA5232900D38264 /* StudyBuddy.xcdatamodeld in Sources */,
				FA2CAA631FC3EDD000A2202D /* DMListTableViewController.swift in Sources */,
				FA33821C1FA52C3800D38264 /* RegisterViewController.swift in Sources */,
				FAB8378F1FA92ECF003BA681 /* SettingsViewController.swift in Sources */,
				ACF495891FA9759300721D52 /* Event.swift in Sources */,
			);
			runOnlyForDeploymentPostprocessing = 0;
		};
		FA3381F81FA5232900D38264 /* Sources */ = {
			isa = PBXSourcesBuildPhase;
			buildActionMask = 2147483647;
			files = (
				FA3382011FA5232900D38264 /* StudyBuddyTests.swift in Sources */,
			);
			runOnlyForDeploymentPostprocessing = 0;
		};
		FA3382031FA5232900D38264 /* Sources */ = {
			isa = PBXSourcesBuildPhase;
			buildActionMask = 2147483647;
			files = (
				FA33820C1FA5232900D38264 /* StudyBuddyUITests.swift in Sources */,
			);
			runOnlyForDeploymentPostprocessing = 0;
		};
/* End PBXSourcesBuildPhase section */

/* Begin PBXTargetDependency section */
		FA3381FE1FA5232900D38264 /* PBXTargetDependency */ = {
			isa = PBXTargetDependency;
			target = FA3381E41FA5232900D38264 /* StudyBuddy */;
			targetProxy = FA3381FD1FA5232900D38264 /* PBXContainerItemProxy */;
		};
		FA3382091FA5232900D38264 /* PBXTargetDependency */ = {
			isa = PBXTargetDependency;
			target = FA3381E41FA5232900D38264 /* StudyBuddy */;
			targetProxy = FA3382081FA5232900D38264 /* PBXContainerItemProxy */;
		};
/* End PBXTargetDependency section */

/* Begin PBXVariantGroup section */
		FA3381EC1FA5232900D38264 /* Main.storyboard */ = {
			isa = PBXVariantGroup;
			children = (
				FA3381ED1FA5232900D38264 /* Base */,
			);
			name = Main.storyboard;
			sourceTree = "<group>";
		};
		FA3381F41FA5232900D38264 /* LaunchScreen.storyboard */ = {
			isa = PBXVariantGroup;
			children = (
				FA3381F51FA5232900D38264 /* Base */,
			);
			name = LaunchScreen.storyboard;
			sourceTree = "<group>";
		};
/* End PBXVariantGroup section */

/* Begin XCBuildConfiguration section */
		FA33820E1FA5232900D38264 /* Debug */ = {
			isa = XCBuildConfiguration;
			buildSettings = {
				ALWAYS_SEARCH_USER_PATHS = NO;
				CLANG_ANALYZER_NONNULL = YES;
				CLANG_CXX_LANGUAGE_STANDARD = "gnu++0x";
				CLANG_CXX_LIBRARY = "libc++";
				CLANG_ENABLE_MODULES = YES;
				CLANG_ENABLE_OBJC_ARC = YES;
				CLANG_WARN_BOOL_CONVERSION = YES;
				CLANG_WARN_CONSTANT_CONVERSION = YES;
				CLANG_WARN_DIRECT_OBJC_ISA_USAGE = YES_ERROR;
				CLANG_WARN_DOCUMENTATION_COMMENTS = YES;
				CLANG_WARN_EMPTY_BODY = YES;
				CLANG_WARN_ENUM_CONVERSION = YES;
				CLANG_WARN_INFINITE_RECURSION = YES;
				CLANG_WARN_INT_CONVERSION = YES;
				CLANG_WARN_OBJC_ROOT_CLASS = YES_ERROR;
				CLANG_WARN_SUSPICIOUS_MOVE = YES;
				CLANG_WARN_UNREACHABLE_CODE = YES;
				CLANG_WARN__DUPLICATE_METHOD_MATCH = YES;
				"CODE_SIGN_IDENTITY[sdk=iphoneos*]" = "iPhone Developer";
				COPY_PHASE_STRIP = NO;
				DEBUG_INFORMATION_FORMAT = dwarf;
				ENABLE_STRICT_OBJC_MSGSEND = YES;
				ENABLE_TESTABILITY = YES;
				GCC_C_LANGUAGE_STANDARD = gnu99;
				GCC_DYNAMIC_NO_PIC = NO;
				GCC_NO_COMMON_BLOCKS = YES;
				GCC_OPTIMIZATION_LEVEL = 0;
				GCC_PREPROCESSOR_DEFINITIONS = (
					"DEBUG=1",
					"$(inherited)",
				);
				GCC_WARN_64_TO_32_BIT_CONVERSION = YES;
				GCC_WARN_ABOUT_RETURN_TYPE = YES_ERROR;
				GCC_WARN_UNDECLARED_SELECTOR = YES;
				GCC_WARN_UNINITIALIZED_AUTOS = YES_AGGRESSIVE;
				GCC_WARN_UNUSED_FUNCTION = YES;
				GCC_WARN_UNUSED_VARIABLE = YES;
				IPHONEOS_DEPLOYMENT_TARGET = 10.2;
				MTL_ENABLE_DEBUG_INFO = YES;
				ONLY_ACTIVE_ARCH = YES;
				SDKROOT = iphoneos;
				SWIFT_ACTIVE_COMPILATION_CONDITIONS = DEBUG;
				SWIFT_OPTIMIZATION_LEVEL = "-Onone";
				TARGETED_DEVICE_FAMILY = "1,2";
			};
			name = Debug;
		};
		FA33820F1FA5232900D38264 /* Release */ = {
			isa = XCBuildConfiguration;
			buildSettings = {
				ALWAYS_SEARCH_USER_PATHS = NO;
				CLANG_ANALYZER_NONNULL = YES;
				CLANG_CXX_LANGUAGE_STANDARD = "gnu++0x";
				CLANG_CXX_LIBRARY = "libc++";
				CLANG_ENABLE_MODULES = YES;
				CLANG_ENABLE_OBJC_ARC = YES;
				CLANG_WARN_BOOL_CONVERSION = YES;
				CLANG_WARN_CONSTANT_CONVERSION = YES;
				CLANG_WARN_DIRECT_OBJC_ISA_USAGE = YES_ERROR;
				CLANG_WARN_DOCUMENTATION_COMMENTS = YES;
				CLANG_WARN_EMPTY_BODY = YES;
				CLANG_WARN_ENUM_CONVERSION = YES;
				CLANG_WARN_INFINITE_RECURSION = YES;
				CLANG_WARN_INT_CONVERSION = YES;
				CLANG_WARN_OBJC_ROOT_CLASS = YES_ERROR;
				CLANG_WARN_SUSPICIOUS_MOVE = YES;
				CLANG_WARN_UNREACHABLE_CODE = YES;
				CLANG_WARN__DUPLICATE_METHOD_MATCH = YES;
				"CODE_SIGN_IDENTITY[sdk=iphoneos*]" = "iPhone Developer";
				COPY_PHASE_STRIP = NO;
				DEBUG_INFORMATION_FORMAT = "dwarf-with-dsym";
				ENABLE_NS_ASSERTIONS = NO;
				ENABLE_STRICT_OBJC_MSGSEND = YES;
				GCC_C_LANGUAGE_STANDARD = gnu99;
				GCC_NO_COMMON_BLOCKS = YES;
				GCC_WARN_64_TO_32_BIT_CONVERSION = YES;
				GCC_WARN_ABOUT_RETURN_TYPE = YES_ERROR;
				GCC_WARN_UNDECLARED_SELECTOR = YES;
				GCC_WARN_UNINITIALIZED_AUTOS = YES_AGGRESSIVE;
				GCC_WARN_UNUSED_FUNCTION = YES;
				GCC_WARN_UNUSED_VARIABLE = YES;
				IPHONEOS_DEPLOYMENT_TARGET = 10.2;
				MTL_ENABLE_DEBUG_INFO = NO;
				SDKROOT = iphoneos;
				SWIFT_OPTIMIZATION_LEVEL = "-Owholemodule";
				TARGETED_DEVICE_FAMILY = "1,2";
				VALIDATE_PRODUCT = YES;
			};
			name = Release;
		};
		FA3382111FA5232900D38264 /* Debug */ = {
			isa = XCBuildConfiguration;
			baseConfigurationReference = 7DD5C7F8FD2DCF509E919848 /* Pods-StudyBuddy.debug.xcconfig */;
			buildSettings = {
				ASSETCATALOG_COMPILER_APPICON_NAME = AppIcon;
				INFOPLIST_FILE = StudyBuddy/Info.plist;
				LD_RUNPATH_SEARCH_PATHS = "$(inherited) @executable_path/Frameworks";
				PRODUCT_BUNDLE_IDENTIFIER = youa.StudyBuddy;
				PRODUCT_NAME = "$(TARGET_NAME)";
				SWIFT_VERSION = 3.0;
			};
			name = Debug;
		};
		FA3382121FA5232900D38264 /* Release */ = {
			isa = XCBuildConfiguration;
			baseConfigurationReference = 5337F8F8DA59B0EAF983E7DC /* Pods-StudyBuddy.release.xcconfig */;
			buildSettings = {
				ASSETCATALOG_COMPILER_APPICON_NAME = AppIcon;
				INFOPLIST_FILE = StudyBuddy/Info.plist;
				LD_RUNPATH_SEARCH_PATHS = "$(inherited) @executable_path/Frameworks";
				PRODUCT_BUNDLE_IDENTIFIER = youa.StudyBuddy;
				PRODUCT_NAME = "$(TARGET_NAME)";
				SWIFT_VERSION = 3.0;
			};
			name = Release;
		};
		FA3382141FA5232900D38264 /* Debug */ = {
			isa = XCBuildConfiguration;
			baseConfigurationReference = CA7708BEC0F1C787D45DB537 /* Pods-StudyBuddyTests.debug.xcconfig */;
			buildSettings = {
				ALWAYS_EMBED_SWIFT_STANDARD_LIBRARIES = YES;
				BUNDLE_LOADER = "$(TEST_HOST)";
				INFOPLIST_FILE = StudyBuddyTests/Info.plist;
				LD_RUNPATH_SEARCH_PATHS = "$(inherited) @executable_path/Frameworks @loader_path/Frameworks";
				PRODUCT_BUNDLE_IDENTIFIER = youa.StudyBuddyTests;
				PRODUCT_NAME = "$(TARGET_NAME)";
				SWIFT_VERSION = 3.0;
				TEST_HOST = "$(BUILT_PRODUCTS_DIR)/StudyBuddy.app/StudyBuddy";
			};
			name = Debug;
		};
		FA3382151FA5232900D38264 /* Release */ = {
			isa = XCBuildConfiguration;
			baseConfigurationReference = A01CA2478CBAD34F43B72384 /* Pods-StudyBuddyTests.release.xcconfig */;
			buildSettings = {
				ALWAYS_EMBED_SWIFT_STANDARD_LIBRARIES = YES;
				BUNDLE_LOADER = "$(TEST_HOST)";
				INFOPLIST_FILE = StudyBuddyTests/Info.plist;
				LD_RUNPATH_SEARCH_PATHS = "$(inherited) @executable_path/Frameworks @loader_path/Frameworks";
				PRODUCT_BUNDLE_IDENTIFIER = youa.StudyBuddyTests;
				PRODUCT_NAME = "$(TARGET_NAME)";
				SWIFT_VERSION = 3.0;
				TEST_HOST = "$(BUILT_PRODUCTS_DIR)/StudyBuddy.app/StudyBuddy";
			};
			name = Release;
		};
		FA3382171FA5232900D38264 /* Debug */ = {
			isa = XCBuildConfiguration;
			baseConfigurationReference = 16E432C2B3BBC9130D5F9FF4 /* Pods-StudyBuddyUITests.debug.xcconfig */;
			buildSettings = {
				ALWAYS_EMBED_SWIFT_STANDARD_LIBRARIES = YES;
				INFOPLIST_FILE = StudyBuddyUITests/Info.plist;
				LD_RUNPATH_SEARCH_PATHS = "$(inherited) @executable_path/Frameworks @loader_path/Frameworks";
				PRODUCT_BUNDLE_IDENTIFIER = youa.StudyBuddyUITests;
				PRODUCT_NAME = "$(TARGET_NAME)";
				SWIFT_VERSION = 3.0;
				TEST_TARGET_NAME = StudyBuddy;
			};
			name = Debug;
		};
		FA3382181FA5232900D38264 /* Release */ = {
			isa = XCBuildConfiguration;
			baseConfigurationReference = 7F1057D10F7C12AF80931FEB /* Pods-StudyBuddyUITests.release.xcconfig */;
			buildSettings = {
				ALWAYS_EMBED_SWIFT_STANDARD_LIBRARIES = YES;
				INFOPLIST_FILE = StudyBuddyUITests/Info.plist;
				LD_RUNPATH_SEARCH_PATHS = "$(inherited) @executable_path/Frameworks @loader_path/Frameworks";
				PRODUCT_BUNDLE_IDENTIFIER = youa.StudyBuddyUITests;
				PRODUCT_NAME = "$(TARGET_NAME)";
				SWIFT_VERSION = 3.0;
				TEST_TARGET_NAME = StudyBuddy;
			};
			name = Release;
		};
/* End XCBuildConfiguration section */

/* Begin XCConfigurationList section */
		FA3381E01FA5232900D38264 /* Build configuration list for PBXProject "StudyBuddy" */ = {
			isa = XCConfigurationList;
			buildConfigurations = (
				FA33820E1FA5232900D38264 /* Debug */,
				FA33820F1FA5232900D38264 /* Release */,
			);
			defaultConfigurationIsVisible = 0;
			defaultConfigurationName = Release;
		};
		FA3382101FA5232900D38264 /* Build configuration list for PBXNativeTarget "StudyBuddy" */ = {
			isa = XCConfigurationList;
			buildConfigurations = (
				FA3382111FA5232900D38264 /* Debug */,
				FA3382121FA5232900D38264 /* Release */,
			);
			defaultConfigurationIsVisible = 0;
			defaultConfigurationName = Release;
		};
		FA3382131FA5232900D38264 /* Build configuration list for PBXNativeTarget "StudyBuddyTests" */ = {
			isa = XCConfigurationList;
			buildConfigurations = (
				FA3382141FA5232900D38264 /* Debug */,
				FA3382151FA5232900D38264 /* Release */,
			);
			defaultConfigurationIsVisible = 0;
			defaultConfigurationName = Release;
		};
		FA3382161FA5232900D38264 /* Build configuration list for PBXNativeTarget "StudyBuddyUITests" */ = {
			isa = XCConfigurationList;
			buildConfigurations = (
				FA3382171FA5232900D38264 /* Debug */,
				FA3382181FA5232900D38264 /* Release */,
			);
			defaultConfigurationIsVisible = 0;
			defaultConfigurationName = Release;
		};
/* End XCConfigurationList section */

/* Begin XCVersionGroup section */
		FA3381EF1FA5232900D38264 /* StudyBuddy.xcdatamodeld */ = {
			isa = XCVersionGroup;
			children = (
				FA3381F01FA5232900D38264 /* StudyBuddy.xcdatamodel */,
			);
			currentVersion = FA3381F01FA5232900D38264 /* StudyBuddy.xcdatamodel */;
			path = StudyBuddy.xcdatamodeld;
			sourceTree = "<group>";
			versionGroupType = wrapper.xcdatamodel;
		};
/* End XCVersionGroup section */
	};
	rootObject = FA3381DD1FA5232900D38264 /* Project object */;
}
